
Microsoft Visual Studio Solution File, Format Version 12.00
# Visual Studio Version 16
VisualStudioVersion = 16.0.30011.22
MinimumVisualStudioVersion = 10.0.40219.1
Project("{FAE04EC0-301F-11D3-BF4B-00C04F79EFBC}") = "ProductMicroservice", "ProductMicroservice\ProductMicroservice.csproj", "{BCDD33EC-566C-4D35-8699-387FB806C74C}"
EndProject
Global
	GlobalSection(SolutionConfigurationPlatforms) = preSolution
		Debug|Any CPU = Debug|Any CPU
		Release|Any CPU = Release|Any CPU
	EndGlobalSection
	GlobalSection(ProjectConfigurationPlatforms) = postSolution
		{BCDD33EC-566C-4D35-8699-387FB806C74C}.Debug|Any CPU.ActiveCfg = Debug|Any CPU
		{BCDD33EC-566C-4D35-8699-387FB806C74C}.Debug|Any CPU.Build.0 = Debug|Any CPU
		{BCDD33EC-566C-4D35-8699-387FB806C74C}.Release|Any CPU.ActiveCfg = Release|Any CPU
		{BCDD33EC-566C-4D35-8699-387FB806C74C}.Release|Any CPU.Build.0 = Release|Any CPU
	EndGlobalSection
	GlobalSection(SolutionProperties) = preSolution
		HideSolutionNode = FALSE
	EndGlobalSection
	GlobalSection(ExtensibilityGlobals) = postSolution
		SolutionGuid = {577700DE-7349-4416-9F28-6FD59715630A}
	EndGlobalSection
EndGlobal
